# THIS IS AN AUTOGENERATED FILE. DO NOT EDIT THIS FILE DIRECTLY.
# yarn lockfile v1


"@octetstream/promisify@2.0.2":
  version "2.0.2"
  resolved "https://registry.npm.taobao.org/@octetstream/promisify/download/@octetstream/promisify-2.0.2.tgz#29ac3bd7aefba646db670227f895d812c1a19615"
  integrity sha1-Kaw71677pkbbZwIn+JXYEsGhlhU=

"@types/axios@^0.14.0":
  version "0.14.0"
  resolved "https://registry.npm.taobao.org/@types/axios/download/@types/axios-0.14.0.tgz#ec2300fbe7d7dddd7eb9d3abf87999964cafce46"
  integrity sha1-7CMA++fX3d1+udOr+HmZlkyvzkY=
  dependencies:
    axios "*"

"@types/node@*", "@types/node@^13.7.7":
  version "13.7.7"
  resolved "https://registry.npm.taobao.org/@types/node/download/@types/node-13.7.7.tgz#1628e6461ba8cc9b53196dfeaeec7b07fa6eea99"
  integrity sha1-FijmRhuozJtTGW3+rux7B/pu6pk=

"@types/promise-fs@^2.1.0":
  version "2.1.0"
  resolved "https://registry.npm.taobao.org/@types/promise-fs/download/@types/promise-fs-2.1.0.tgz#fdfe6e41fb016ca72eebf7448f59155cb5320965"
  integrity sha1-/f5uQfsBbKcu6/dEj1kVXLUyCWU=
  dependencies:
    "@types/node" "*"

axios@*, axios@^0.19.2:
  version "0.19.2"
  resolved "https://registry.npm.taobao.org/axios/download/axios-0.19.2.tgz#3ea36c5d8818d0d5f8a8a97a6d36b86cdc00cb27"
  integrity sha1-PqNsXYgY0NX4qKl6bTa4bNwAyyc=
  dependencies:
    follow-redirects "1.5.10"

debug@=3.1.0:
  version "3.1.0"
  resolved "https://registry.npm.taobao.org/debug/download/debug-3.1.0.tgz#5bb5a0672628b64149566ba16819e61518c67261"
  integrity sha1-W7WgZyYotkFJVmuhaBnmFRjGcmE=
  dependencies:
    ms "2.0.0"

follow-redirects@1.5.10:
  version "1.5.10"
  resolved "https://registry.npm.taobao.org/follow-redirects/download/follow-redirects-1.5.10.tgz#7b7a9f9aea2fdff36786a94ff643ed07f4ff5e2a"
  integrity sha1-e3qfmuov3/NnhqlP9kPtB/T/Xio=
  dependencies:
    debug "=3.1.0"

ms@2.0.0:
  version "2.0.0"
  resolved "https://registry.npm.taobao.org/ms/download/ms-2.0.0.tgz#5608aeadfc00be6c2901df5f9861788de0d597c8"
  integrity sha1-VgiurfwAvmwpAd9fmGF4jeDVl8g=

promise-fs@^2.1.1:
  version "2.1.1"
  resolved "https://registry.npm.taobao.org/promise-fs/download/promise-fs-2.1.1.tgz#0b725a592c165ff16157d1f13640ba390637e557"
  integrity sha1-C3JaWSwWX/FhV9HxNkC6OQY35Vc=
  dependencies:
    "@octetstream/promisify" "2.0.2"
